
Microsoft Visual Studio Solution File, Format Version 12.00
# Visual Studio Version 17
VisualStudioVersion = 17.5.33627.172
MinimumVisualStudioVersion = 10.0.40219.1
Project("{9A19103F-16F7-4668-BE54-9A1E7A4F7556}") = "ClassBoxData", "ClassBoxData\ClassBoxData.csproj", "{C9A21A15-BE7A-452F-81D7-6BF83AC8F5CD}"
EndProject
Project("{9A19103F-16F7-4668-BE54-9A1E7A4F7556}") = "ShoppingSpree", "ShoppingSpree\ShoppingSpree.csproj", "{C8A2D93B-56D0-4431-AB5A-CC1F463B6913}"
EndProject
Project("{9A19103F-16F7-4668-BE54-9A1E7A4F7556}") = "demo", "demo\demo.csproj", "{9DDE4E3E-5A91-4F39-BDD2-09094AC042EF}"
EndProject
Project("{FAE04EC0-301F-11D3-BF4B-00C04F79EFBC}") = "PizzaCalories", "PizzaCalories\PizzaCalories.csproj", "{90086358-3D66-479F-BCAE-8FF9179AAF93}"
EndProject
Project("{FAE04EC0-301F-11D3-BF4B-00C04F79EFBC}") = "FootballTeamGenerator", "FootballTeamGenerator\FootballTeamGenerator.csproj", "{729A4399-9F93-480E-A06F-953DB9804FA5}"
EndProject
Global
	GlobalSection(SolutionConfigurationPlatforms) = preSolution
		Debug|Any CPU = Debug|Any CPU
		Release|Any CPU = Release|Any CPU
	EndGlobalSection
	GlobalSection(ProjectConfigurationPlatforms) = postSolution
		{C9A21A15-BE7A-452F-81D7-6BF83AC8F5CD}.Debug|Any CPU.ActiveCfg = Debug|Any CPU
		{C9A21A15-BE7A-452F-81D7-6BF83AC8F5CD}.Debug|Any CPU.Build.0 = Debug|Any CPU
		{C9A21A15-BE7A-452F-81D7-6BF83AC8F5CD}.Release|Any CPU.ActiveCfg = Release|Any CPU
		{C9A21A15-BE7A-452F-81D7-6BF83AC8F5CD}.Release|Any CPU.Build.0 = Release|Any CPU
		{C8A2D93B-56D0-4431-AB5A-CC1F463B6913}.Debug|Any CPU.ActiveCfg = Debug|Any CPU
		{C8A2D93B-56D0-4431-AB5A-CC1F463B6913}.Debug|Any CPU.Build.0 = Debug|Any CPU
		{C8A2D93B-56D0-4431-AB5A-CC1F463B6913}.Release|Any CPU.ActiveCfg = Release|Any CPU
		{C8A2D93B-56D0-4431-AB5A-CC1F463B6913}.Release|Any CPU.Build.0 = Release|Any CPU
		{9DDE4E3E-5A91-4F39-BDD2-09094AC042EF}.Debug|Any CPU.ActiveCfg = Debug|Any CPU
		{9DDE4E3E-5A91-4F39-BDD2-09094AC042EF}.Debug|Any CPU.Build.0 = Debug|Any CPU
		{9DDE4E3E-5A91-4F39-BDD2-09094AC042EF}.Release|Any CPU.ActiveCfg = Release|Any CPU
		{9DDE4E3E-5A91-4F39-BDD2-09094AC042EF}.Release|Any CPU.Build.0 = Release|Any CPU
		{90086358-3D66-479F-BCAE-8FF9179AAF93}.Debug|Any CPU.ActiveCfg = Debug|Any CPU
		{90086358-3D66-479F-BCAE-8FF9179AAF93}.Debug|Any CPU.Build.0 = Debug|Any CPU
		{90086358-3D66-479F-BCAE-8FF9179AAF93}.Release|Any CPU.ActiveCfg = Release|Any CPU
		{90086358-3D66-479F-BCAE-8FF9179AAF93}.Release|Any CPU.Build.0 = Release|Any CPU
		{729A4399-9F93-480E-A06F-953DB9804FA5}.Debug|Any CPU.ActiveCfg = Debug|Any CPU
		{729A4399-9F93-480E-A06F-953DB9804FA5}.Debug|Any CPU.Build.0 = Debug|Any CPU
		{729A4399-9F93-480E-A06F-953DB9804FA5}.Release|Any CPU.ActiveCfg = Release|Any CPU
		{729A4399-9F93-480E-A06F-953DB9804FA5}.Release|Any CPU.Build.0 = Release|Any CPU
	EndGlobalSection
	GlobalSection(SolutionProperties) = preSolution
		HideSolutionNode = FALSE
	EndGlobalSection
	GlobalSection(ExtensibilityGlobals) = postSolution
		SolutionGuid = {269FDA98-F719-4ED3-8DF8-AA30A3C37B50}
	EndGlobalSection
EndGlobal
