
Microsoft Visual Studio Solution File, Format Version 12.00
# Visual Studio Version 17
VisualStudioVersion = 17.5.33627.172
MinimumVisualStudioVersion = 10.0.40219.1
Project("{9A19103F-16F7-4668-BE54-9A1E7A4F7556}") = "PersonInfo", "PersonInfo\PersonInfo.csproj", "{B14AE879-551D-40AB-9B06-D868644236AC}"
EndProject
Project("{9A19103F-16F7-4668-BE54-9A1E7A4F7556}") = "Telephony", "Telephony\Telephony.csproj", "{0E248429-E6FB-45F2-9292-BF39EDFAC610}"
EndProject
Project("{FAE04EC0-301F-11D3-BF4B-00C04F79EFBC}") = "BorderControl", "BorderControl\BorderControl.csproj", "{040942BF-26DA-4EB0-8EE0-1AEF760F6BC9}"
EndProject
Global
	GlobalSection(SolutionConfigurationPlatforms) = preSolution
		Debug|Any CPU = Debug|Any CPU
		Release|Any CPU = Release|Any CPU
	EndGlobalSection
	GlobalSection(ProjectConfigurationPlatforms) = postSolution
		{B14AE879-551D-40AB-9B06-D868644236AC}.Debug|Any CPU.ActiveCfg = Debug|Any CPU
		{B14AE879-551D-40AB-9B06-D868644236AC}.Debug|Any CPU.Build.0 = Debug|Any CPU
		{B14AE879-551D-40AB-9B06-D868644236AC}.Release|Any CPU.ActiveCfg = Release|Any CPU
		{B14AE879-551D-40AB-9B06-D868644236AC}.Release|Any CPU.Build.0 = Release|Any CPU
		{0E248429-E6FB-45F2-9292-BF39EDFAC610}.Debug|Any CPU.ActiveCfg = Debug|Any CPU
		{0E248429-E6FB-45F2-9292-BF39EDFAC610}.Debug|Any CPU.Build.0 = Debug|Any CPU
		{0E248429-E6FB-45F2-9292-BF39EDFAC610}.Release|Any CPU.ActiveCfg = Release|Any CPU
		{0E248429-E6FB-45F2-9292-BF39EDFAC610}.Release|Any CPU.Build.0 = Release|Any CPU
		{040942BF-26DA-4EB0-8EE0-1AEF760F6BC9}.Debug|Any CPU.ActiveCfg = Debug|Any CPU
		{040942BF-26DA-4EB0-8EE0-1AEF760F6BC9}.Debug|Any CPU.Build.0 = Debug|Any CPU
		{040942BF-26DA-4EB0-8EE0-1AEF760F6BC9}.Release|Any CPU.ActiveCfg = Release|Any CPU
		{040942BF-26DA-4EB0-8EE0-1AEF760F6BC9}.Release|Any CPU.Build.0 = Release|Any CPU
	EndGlobalSection
	GlobalSection(SolutionProperties) = preSolution
		HideSolutionNode = FALSE
	EndGlobalSection
	GlobalSection(ExtensibilityGlobals) = postSolution
		SolutionGuid = {6001C759-B435-44B0-942D-F009EC08A063}
	EndGlobalSection
EndGlobal
