
Microsoft Visual Studio Solution File, Format Version 12.00
# Visual Studio Version 17
VisualStudioVersion = 17.6.33829.357
MinimumVisualStudioVersion = 10.0.40219.1
Project("{9A19103F-16F7-4668-BE54-9A1E7A4F7556}") = "CarRacing", "CarRacing.csproj", "{72E47CDB-C9AA-4DE5-816B-85FEE6E366C4}"
EndProject
Global
	GlobalSection(SolutionConfigurationPlatforms) = preSolution
		Debug|Any CPU = Debug|Any CPU
		Release|Any CPU = Release|Any CPU
	EndGlobalSection
	GlobalSection(ProjectConfigurationPlatforms) = postSolution
		{72E47CDB-C9AA-4DE5-816B-85FEE6E366C4}.Debug|Any CPU.ActiveCfg = Debug|Any CPU
		{72E47CDB-C9AA-4DE5-816B-85FEE6E366C4}.Debug|Any CPU.Build.0 = Debug|Any CPU
		{72E47CDB-C9AA-4DE5-816B-85FEE6E366C4}.Release|Any CPU.ActiveCfg = Release|Any CPU
		{72E47CDB-C9AA-4DE5-816B-85FEE6E366C4}.Release|Any CPU.Build.0 = Release|Any CPU
	EndGlobalSection
	GlobalSection(SolutionProperties) = preSolution
		HideSolutionNode = FALSE
	EndGlobalSection
	GlobalSection(ExtensibilityGlobals) = postSolution
		SolutionGuid = {968117F2-45F4-40BC-80A9-20F9178A2FE6}
	EndGlobalSection
EndGlobal
