
Microsoft Visual Studio Solution File, Format Version 12.00
# Visual Studio Version 17
VisualStudioVersion = 17.6.33815.320
MinimumVisualStudioVersion = 10.0.40219.1
Project("{FAE04EC0-301F-11D3-BF4B-00C04F79EFBC}") = "Prototype", "Prototype\Prototype.csproj", "{17469CBD-677D-498C-A155-881EEAF8C172}"
EndProject
Project("{FAE04EC0-301F-11D3-BF4B-00C04F79EFBC}") = "Composite", "Composite\Composite.csproj", "{B4A0CE09-1A41-45BC-AEB6-139DB290B175}"
EndProject
Project("{FAE04EC0-301F-11D3-BF4B-00C04F79EFBC}") = "TemplatePattern", "TemplatePattern\TemplatePattern.csproj", "{6A26C1C0-0504-4063-9441-2A1414BC7919}"
EndProject
Global
	GlobalSection(SolutionConfigurationPlatforms) = preSolution
		Debug|Any CPU = Debug|Any CPU
		Release|Any CPU = Release|Any CPU
	EndGlobalSection
	GlobalSection(ProjectConfigurationPlatforms) = postSolution
		{17469CBD-677D-498C-A155-881EEAF8C172}.Debug|Any CPU.ActiveCfg = Debug|Any CPU
		{17469CBD-677D-498C-A155-881EEAF8C172}.Debug|Any CPU.Build.0 = Debug|Any CPU
		{17469CBD-677D-498C-A155-881EEAF8C172}.Release|Any CPU.ActiveCfg = Release|Any CPU
		{17469CBD-677D-498C-A155-881EEAF8C172}.Release|Any CPU.Build.0 = Release|Any CPU
		{B4A0CE09-1A41-45BC-AEB6-139DB290B175}.Debug|Any CPU.ActiveCfg = Debug|Any CPU
		{B4A0CE09-1A41-45BC-AEB6-139DB290B175}.Debug|Any CPU.Build.0 = Debug|Any CPU
		{B4A0CE09-1A41-45BC-AEB6-139DB290B175}.Release|Any CPU.ActiveCfg = Release|Any CPU
		{B4A0CE09-1A41-45BC-AEB6-139DB290B175}.Release|Any CPU.Build.0 = Release|Any CPU
		{6A26C1C0-0504-4063-9441-2A1414BC7919}.Debug|Any CPU.ActiveCfg = Debug|Any CPU
		{6A26C1C0-0504-4063-9441-2A1414BC7919}.Debug|Any CPU.Build.0 = Debug|Any CPU
		{6A26C1C0-0504-4063-9441-2A1414BC7919}.Release|Any CPU.ActiveCfg = Release|Any CPU
		{6A26C1C0-0504-4063-9441-2A1414BC7919}.Release|Any CPU.Build.0 = Release|Any CPU
	EndGlobalSection
	GlobalSection(SolutionProperties) = preSolution
		HideSolutionNode = FALSE
	EndGlobalSection
	GlobalSection(ExtensibilityGlobals) = postSolution
		SolutionGuid = {BADE37CF-172D-475B-8441-356FEF7D4EF4}
	EndGlobalSection
EndGlobal
