
Microsoft Visual Studio Solution File, Format Version 12.00
# Visual Studio Version 17
VisualStudioVersion = 17.6.33801.468
MinimumVisualStudioVersion = 10.0.40219.1
Project("{FAE04EC0-301F-11D3-BF4B-00C04F79EFBC}") = "Singleton", "Singleton\Singleton.csproj", "{0C46E786-ECB8-4C25-8280-BF02D6CA6284}"
EndProject
Project("{FAE04EC0-301F-11D3-BF4B-00C04F79EFBC}") = "Facade", "Facade\Facade.csproj", "{4E19CD4D-A219-4BE1-9E26-B255EE878398}"
EndProject
Project("{FAE04EC0-301F-11D3-BF4B-00C04F79EFBC}") = "CommandPattern", "CommandPattern\CommandPattern.csproj", "{A55DB4FD-D1C1-4D85-B163-54963E3A8F40}"
EndProject
Global
	GlobalSection(SolutionConfigurationPlatforms) = preSolution
		Debug|Any CPU = Debug|Any CPU
		Release|Any CPU = Release|Any CPU
	EndGlobalSection
	GlobalSection(ProjectConfigurationPlatforms) = postSolution
		{0C46E786-ECB8-4C25-8280-BF02D6CA6284}.Debug|Any CPU.ActiveCfg = Debug|Any CPU
		{0C46E786-ECB8-4C25-8280-BF02D6CA6284}.Debug|Any CPU.Build.0 = Debug|Any CPU
		{0C46E786-ECB8-4C25-8280-BF02D6CA6284}.Release|Any CPU.ActiveCfg = Release|Any CPU
		{0C46E786-ECB8-4C25-8280-BF02D6CA6284}.Release|Any CPU.Build.0 = Release|Any CPU
		{4E19CD4D-A219-4BE1-9E26-B255EE878398}.Debug|Any CPU.ActiveCfg = Debug|Any CPU
		{4E19CD4D-A219-4BE1-9E26-B255EE878398}.Debug|Any CPU.Build.0 = Debug|Any CPU
		{4E19CD4D-A219-4BE1-9E26-B255EE878398}.Release|Any CPU.ActiveCfg = Release|Any CPU
		{4E19CD4D-A219-4BE1-9E26-B255EE878398}.Release|Any CPU.Build.0 = Release|Any CPU
		{A55DB4FD-D1C1-4D85-B163-54963E3A8F40}.Debug|Any CPU.ActiveCfg = Debug|Any CPU
		{A55DB4FD-D1C1-4D85-B163-54963E3A8F40}.Debug|Any CPU.Build.0 = Debug|Any CPU
		{A55DB4FD-D1C1-4D85-B163-54963E3A8F40}.Release|Any CPU.ActiveCfg = Release|Any CPU
		{A55DB4FD-D1C1-4D85-B163-54963E3A8F40}.Release|Any CPU.Build.0 = Release|Any CPU
	EndGlobalSection
	GlobalSection(SolutionProperties) = preSolution
		HideSolutionNode = FALSE
	EndGlobalSection
	GlobalSection(ExtensibilityGlobals) = postSolution
		SolutionGuid = {11670302-B307-427A-A18E-B7709194F036}
	EndGlobalSection
EndGlobal
